
Microsoft Visual Studio Solution File, Format Version 12.00
# Visual Studio Version 16
VisualStudioVersion = 16.0.31702.278
MinimumVisualStudioVersion = 10.0.40219.1
Project("{FAE04EC0-301F-11D3-BF4B-00C04F79EFBC}") = "DiscordWebhookSender", "DiscordWebhookSender.csproj", "{7B97DA38-25F1-47F2-A3CE-3EBF5EE70768}"
EndProject
Global
	GlobalSection(SolutionConfigurationPlatforms) = preSolution
		Debug|Any CPU = Debug|Any CPU
		Release|Any CPU = Release|Any CPU
	EndGlobalSection
	GlobalSection(ProjectConfigurationPlatforms) = postSolution
		{7B97DA38-25F1-47F2-A3CE-3EBF5EE70768}.Debug|Any CPU.ActiveCfg = Debug|Any CPU
		{7B97DA38-25F1-47F2-A3CE-3EBF5EE70768}.Debug|Any CPU.Build.0 = Debug|Any CPU
		{7B97DA38-25F1-47F2-A3CE-3EBF5EE70768}.Release|Any CPU.ActiveCfg = Release|Any CPU
		{7B97DA38-25F1-47F2-A3CE-3EBF5EE70768}.Release|Any CPU.Build.0 = Release|Any CPU
	EndGlobalSection
	GlobalSection(SolutionProperties) = preSolution
		HideSolutionNode = FALSE
	EndGlobalSection
	GlobalSection(ExtensibilityGlobals) = postSolution
		SolutionGuid = {D44C30FA-082E-4B8C-8EF0-33C6DB9B7B45}
	EndGlobalSection
EndGlobal
